{
  "name": "test",
  "lockfileVersion": 2,
  "requires": true,
  "packages": {
    "": {
      "dependencies": {
        "@purescript/math": "^2.0.0"
      }
    },
    "node_modules/@purescript/math": {
      "version": "2.0.0",
      "resolved": "https://registry.npmjs.org/@purescript/math/-/math-2.0.0.tgz",
      "integrity": "sha512-s33PRQiaASGb1cH9b2TV35XZiq+kxl/Mwabx4mWB9ioPK9rpjZtKrUV4g/0KKFDi1CrwLdM8GiIuGsyRGlbakg=="
    }
  },
  "dependencies": {
    "@purescript/math": {
      "version": "2.0.0",
      "resolved": "https://registry.npmjs.org/@purescript/math/-/math-2.0.0.tgz",
      "integrity": "sha512-s33PRQiaASGb1cH9b2TV35XZiq+kxl/Mwabx4mWB9ioPK9rpjZtKrUV4g/0KKFDi1CrwLdM8GiIuGsyRGlbakg=="
    }
  }
}
